
Microsoft Visual Studio Solution File, Format Version 12.00
# Visual Studio 14
VisualStudioVersion = 14.0.25420.1
MinimumVisualStudioVersion = 10.0.40219.1
Project("{FAE04EC0-301F-11D3-BF4B-00C04F79EFBC}") = "ENOC_Branding", "ENOC_Branding\ENOC_Branding.csproj", "{46809D30-167F-4069-8DD0-21D4A1341021}"
EndProject
Project("{FAE04EC0-301F-11D3-BF4B-00C04F79EFBC}") = "ENOC_GiftsEntertainment", "ENOC_GiftsEntertainment\ENOC_GiftsEntertainment.csproj", "{586662C0-B878-43EE-9530-FA01C23FC025}"
EndProject
Global
	GlobalSection(SolutionConfigurationPlatforms) = preSolution
		Debug|Any CPU = Debug|Any CPU
		Release|Any CPU = Release|Any CPU
	EndGlobalSection
	GlobalSection(ProjectConfigurationPlatforms) = postSolution
		{46809D30-167F-4069-8DD0-21D4A1341021}.Debug|Any CPU.ActiveCfg = Debug|Any CPU
		{46809D30-167F-4069-8DD0-21D4A1341021}.Debug|Any CPU.Build.0 = Debug|Any CPU
		{46809D30-167F-4069-8DD0-21D4A1341021}.Debug|Any CPU.Deploy.0 = Debug|Any CPU
		{46809D30-167F-4069-8DD0-21D4A1341021}.Release|Any CPU.ActiveCfg = Release|Any CPU
		{46809D30-167F-4069-8DD0-21D4A1341021}.Release|Any CPU.Build.0 = Release|Any CPU
		{46809D30-167F-4069-8DD0-21D4A1341021}.Release|Any CPU.Deploy.0 = Release|Any CPU
		{586662C0-B878-43EE-9530-FA01C23FC025}.Debug|Any CPU.ActiveCfg = Debug|Any CPU
		{586662C0-B878-43EE-9530-FA01C23FC025}.Debug|Any CPU.Build.0 = Debug|Any CPU
		{586662C0-B878-43EE-9530-FA01C23FC025}.Debug|Any CPU.Deploy.0 = Debug|Any CPU
		{586662C0-B878-43EE-9530-FA01C23FC025}.Release|Any CPU.ActiveCfg = Release|Any CPU
		{586662C0-B878-43EE-9530-FA01C23FC025}.Release|Any CPU.Build.0 = Release|Any CPU
		{586662C0-B878-43EE-9530-FA01C23FC025}.Release|Any CPU.Deploy.0 = Release|Any CPU
	EndGlobalSection
	GlobalSection(SolutionProperties) = preSolution
		HideSolutionNode = FALSE
	EndGlobalSection
EndGlobal
